
Microsoft Visual Studio Solution File, Format Version 12.00
# Visual Studio 15
VisualStudioVersion = 15.0.27130.2024
MinimumVisualStudioVersion = 10.0.40219.1
Project("{FAE04EC0-301F-11D3-BF4B-00C04F79EFBC}") = "InfiniteGoods", "InfiniteGoodsMod\InfiniteGoods.csproj", "{BE48E758-481B-4DB4-91FB-7BFCEF8C280F}"
EndProject
Global
	GlobalSection(SolutionConfigurationPlatforms) = preSolution
		Debug|Any CPU = Debug|Any CPU
		Release|Any CPU = Release|Any CPU
	EndGlobalSection
	GlobalSection(ProjectConfigurationPlatforms) = postSolution
		{BE48E758-481B-4DB4-91FB-7BFCEF8C280F}.Debug|Any CPU.ActiveCfg = Debug|Any CPU
		{BE48E758-481B-4DB4-91FB-7BFCEF8C280F}.Debug|Any CPU.Build.0 = Debug|Any CPU
		{BE48E758-481B-4DB4-91FB-7BFCEF8C280F}.Release|Any CPU.ActiveCfg = Release|Any CPU
		{BE48E758-481B-4DB4-91FB-7BFCEF8C280F}.Release|Any CPU.Build.0 = Release|Any CPU
	EndGlobalSection
	GlobalSection(SolutionProperties) = preSolution
		HideSolutionNode = FALSE
	EndGlobalSection
	GlobalSection(ExtensibilityGlobals) = postSolution
		SolutionGuid = {C0C739E2-7A63-496E-81D3-9932E6A64737}
	EndGlobalSection
EndGlobal
